
Microsoft Visual Studio Solution File, Format Version 12.00
# Visual Studio Version 17
VisualStudioVersion = 17.0.31903.59
MinimumVisualStudioVersion = 10.0.40219.1
Project("{FAE04EC0-301F-11D3-BF4B-00C04F79EFBC}") = "Scoops.Auth.API", "Scoops.Auth.API\Scoops.Auth.API.csproj", "{AF9BA061-EC41-4D74-AD01-499D00E0FA6B}"
EndProject
Project("{FAE04EC0-301F-11D3-BF4B-00C04F79EFBC}") = "Scoops.Management.API", "Scoops.Management.API\Scoops.Management.API.csproj", "{C9A480CD-B1D5-4AA4-810A-DFFE46D4B539}"
EndProject
Global
	GlobalSection(SolutionConfigurationPlatforms) = preSolution
		Debug|Any CPU = Debug|Any CPU
		Release|Any CPU = Release|Any CPU
	EndGlobalSection
	GlobalSection(SolutionProperties) = preSolution
		HideSolutionNode = FALSE
	EndGlobalSection
	GlobalSection(ProjectConfigurationPlatforms) = postSolution
		{AF9BA061-EC41-4D74-AD01-499D00E0FA6B}.Debug|Any CPU.ActiveCfg = Debug|Any CPU
		{AF9BA061-EC41-4D74-AD01-499D00E0FA6B}.Debug|Any CPU.Build.0 = Debug|Any CPU
		{AF9BA061-EC41-4D74-AD01-499D00E0FA6B}.Release|Any CPU.ActiveCfg = Release|Any CPU
		{AF9BA061-EC41-4D74-AD01-499D00E0FA6B}.Release|Any CPU.Build.0 = Release|Any CPU
		{C9A480CD-B1D5-4AA4-810A-DFFE46D4B539}.Debug|Any CPU.ActiveCfg = Debug|Any CPU
		{C9A480CD-B1D5-4AA4-810A-DFFE46D4B539}.Debug|Any CPU.Build.0 = Debug|Any CPU
		{C9A480CD-B1D5-4AA4-810A-DFFE46D4B539}.Release|Any CPU.ActiveCfg = Release|Any CPU
		{C9A480CD-B1D5-4AA4-810A-DFFE46D4B539}.Release|Any CPU.Build.0 = Release|Any CPU
	EndGlobalSection
EndGlobal
